
Microsoft Visual Studio Solution File, Format Version 12.00
# Visual Studio Version 17
VisualStudioVersion = 17.2.32526.322
MinimumVisualStudioVersion = 10.0.40219.1
Project("{FAE04EC0-301F-11D3-BF4B-00C04F79EFBC}") = "OGAutoClicker", "OGAutoClicker.csproj", "{E66180A0-8802-4A8E-8BDA-77E5DC3FCDA2}"
EndProject
Global
	GlobalSection(SolutionConfigurationPlatforms) = preSolution
		Debug|Any CPU = Debug|Any CPU
		Release|Any CPU = Release|Any CPU
	EndGlobalSection
	GlobalSection(ProjectConfigurationPlatforms) = postSolution
		{E66180A0-8802-4A8E-8BDA-77E5DC3FCDA2}.Debug|Any CPU.ActiveCfg = Debug|Any CPU
		{E66180A0-8802-4A8E-8BDA-77E5DC3FCDA2}.Debug|Any CPU.Build.0 = Debug|Any CPU
		{E66180A0-8802-4A8E-8BDA-77E5DC3FCDA2}.Release|Any CPU.ActiveCfg = Release|Any CPU
		{E66180A0-8802-4A8E-8BDA-77E5DC3FCDA2}.Release|Any CPU.Build.0 = Release|Any CPU
	EndGlobalSection
	GlobalSection(SolutionProperties) = preSolution
		HideSolutionNode = FALSE
	EndGlobalSection
	GlobalSection(ExtensibilityGlobals) = postSolution
		SolutionGuid = {9AF9A63B-4FD6-4BFD-9AC4-CA657794422F}
	EndGlobalSection
EndGlobal
